
Microsoft Visual Studio Solution File, Format Version 12.00
# Visual Studio 15
VisualStudioVersion = 15.0.28307.489
MinimumVisualStudioVersion = 10.0.40219.1
Project("{8BC9CEB8-8B4A-11D0-8D11-00A0C91BC942}") = "Lab_1", "Lab_1\Lab_1.vcxproj", "{944DBD66-CA8D-49A2-B728-8C0E460E52DA}"
EndProject
Project("{8BC9CEB8-8B4A-11D0-8D11-00A0C91BC942}") = "Lab_2", "Lab_2\Lab_2.vcxproj", "{9098BF43-6668-488E-A02B-BB42482613B4}"
EndProject
Project("{8BC9CEB8-8B4A-11D0-8D11-00A0C91BC942}") = "Lab_3", "Lab_3\Lab_3.vcxproj", "{E78BED2B-84D4-4F02-9727-AE6DAC6B5463}"
EndProject
Project("{8BC9CEB8-8B4A-11D0-8D11-00A0C91BC942}") = "Lab_4", "Lab_4\Lab_4.vcxproj", "{7741DA08-754C-4DB2-AD13-AF992EB13992}"
EndProject
Project("{2150E333-8FDC-42A3-9474-1A3956D46DE8}") = "Non C++", "Non C++", "{0213E6C2-AE0F-432A-8FBF-1620D7CDA101}"
EndProject
Project("{2150E333-8FDC-42A3-9474-1A3956D46DE8}") = "Lab_3", "Lab_3", "{AB964029-FB14-4CD2-8F20-D26C1B9D018A}"
	ProjectSection(SolutionItems) = preProject
		Newton.m = Newton.m
	EndProjectSection
EndProject
Project("{2150E333-8FDC-42A3-9474-1A3956D46DE8}") = "Lab 5", "Lab 5", "{E8F9ED95-5E44-45EF-9636-BE9B721F7538}"
	ProjectSection(SolutionItems) = preProject
		Lab_5\lab_5.mcdx = Lab_5\lab_5.mcdx
	EndProjectSection
EndProject
Project("{2150E333-8FDC-42A3-9474-1A3956D46DE8}") = "Lab 6", "Lab 6", "{F4000607-D921-4EB6-915E-C240C93DD193}"
	ProjectSection(SolutionItems) = preProject
		Lab_6\lab_6.mcdx = Lab_6\lab_6.mcdx
	EndProjectSection
EndProject
Global
	GlobalSection(SolutionConfigurationPlatforms) = preSolution
		Debug|x64 = Debug|x64
		Debug|x86 = Debug|x86
		Release|x64 = Release|x64
		Release|x86 = Release|x86
	EndGlobalSection
	GlobalSection(ProjectConfigurationPlatforms) = postSolution
		{944DBD66-CA8D-49A2-B728-8C0E460E52DA}.Debug|x64.ActiveCfg = Debug|x64
		{944DBD66-CA8D-49A2-B728-8C0E460E52DA}.Debug|x64.Build.0 = Debug|x64
		{944DBD66-CA8D-49A2-B728-8C0E460E52DA}.Debug|x86.ActiveCfg = Debug|Win32
		{944DBD66-CA8D-49A2-B728-8C0E460E52DA}.Debug|x86.Build.0 = Debug|Win32
		{944DBD66-CA8D-49A2-B728-8C0E460E52DA}.Release|x64.ActiveCfg = Release|x64
		{944DBD66-CA8D-49A2-B728-8C0E460E52DA}.Release|x64.Build.0 = Release|x64
		{944DBD66-CA8D-49A2-B728-8C0E460E52DA}.Release|x86.ActiveCfg = Release|Win32
		{944DBD66-CA8D-49A2-B728-8C0E460E52DA}.Release|x86.Build.0 = Release|Win32
		{9098BF43-6668-488E-A02B-BB42482613B4}.Debug|x64.ActiveCfg = Debug|x64
		{9098BF43-6668-488E-A02B-BB42482613B4}.Debug|x64.Build.0 = Debug|x64
		{9098BF43-6668-488E-A02B-BB42482613B4}.Debug|x86.ActiveCfg = Debug|Win32
		{9098BF43-6668-488E-A02B-BB42482613B4}.Debug|x86.Build.0 = Debug|Win32
		{9098BF43-6668-488E-A02B-BB42482613B4}.Release|x64.ActiveCfg = Release|x64
		{9098BF43-6668-488E-A02B-BB42482613B4}.Release|x64.Build.0 = Release|x64
		{9098BF43-6668-488E-A02B-BB42482613B4}.Release|x86.ActiveCfg = Release|Win32
		{9098BF43-6668-488E-A02B-BB42482613B4}.Release|x86.Build.0 = Release|Win32
		{E78BED2B-84D4-4F02-9727-AE6DAC6B5463}.Debug|x64.ActiveCfg = Debug|x64
		{E78BED2B-84D4-4F02-9727-AE6DAC6B5463}.Debug|x64.Build.0 = Debug|x64
		{E78BED2B-84D4-4F02-9727-AE6DAC6B5463}.Debug|x86.ActiveCfg = Debug|Win32
		{E78BED2B-84D4-4F02-9727-AE6DAC6B5463}.Debug|x86.Build.0 = Debug|Win32
		{E78BED2B-84D4-4F02-9727-AE6DAC6B5463}.Release|x64.ActiveCfg = Release|x64
		{E78BED2B-84D4-4F02-9727-AE6DAC6B5463}.Release|x64.Build.0 = Release|x64
		{E78BED2B-84D4-4F02-9727-AE6DAC6B5463}.Release|x86.ActiveCfg = Release|Win32
		{E78BED2B-84D4-4F02-9727-AE6DAC6B5463}.Release|x86.Build.0 = Release|Win32
		{7741DA08-754C-4DB2-AD13-AF992EB13992}.Debug|x64.ActiveCfg = Debug|x64
		{7741DA08-754C-4DB2-AD13-AF992EB13992}.Debug|x64.Build.0 = Debug|x64
		{7741DA08-754C-4DB2-AD13-AF992EB13992}.Debug|x86.ActiveCfg = Debug|Win32
		{7741DA08-754C-4DB2-AD13-AF992EB13992}.Debug|x86.Build.0 = Debug|Win32
		{7741DA08-754C-4DB2-AD13-AF992EB13992}.Release|x64.ActiveCfg = Release|x64
		{7741DA08-754C-4DB2-AD13-AF992EB13992}.Release|x64.Build.0 = Release|x64
		{7741DA08-754C-4DB2-AD13-AF992EB13992}.Release|x86.ActiveCfg = Release|Win32
		{7741DA08-754C-4DB2-AD13-AF992EB13992}.Release|x86.Build.0 = Release|Win32
	EndGlobalSection
	GlobalSection(SolutionProperties) = preSolution
		HideSolutionNode = FALSE
	EndGlobalSection
	GlobalSection(NestedProjects) = preSolution
		{AB964029-FB14-4CD2-8F20-D26C1B9D018A} = {0213E6C2-AE0F-432A-8FBF-1620D7CDA101}
		{E8F9ED95-5E44-45EF-9636-BE9B721F7538} = {0213E6C2-AE0F-432A-8FBF-1620D7CDA101}
		{F4000607-D921-4EB6-915E-C240C93DD193} = {0213E6C2-AE0F-432A-8FBF-1620D7CDA101}
	EndGlobalSection
	GlobalSection(ExtensibilityGlobals) = postSolution
		SolutionGuid = {E50F21E7-0A0F-405B-83C9-4D50CA946716}
	EndGlobalSection
EndGlobal
